
Microsoft Visual Studio Solution File, Format Version 12.00
# Visual Studio Version 16
VisualStudioVersion = 16.0.30907.101
MinimumVisualStudioVersion = 10.0.40219.1
Project("{FAE04EC0-301F-11D3-BF4B-00C04F79EFBC}") = "TestMusalaWebHost", "TestMusalaWebHost\TestMusalaWebHost.csproj", "{1A9C2D6E-5203-45D6-83E7-29ABD806E9BC}"
EndProject
Project("{FAE04EC0-301F-11D3-BF4B-00C04F79EFBC}") = "DataAccess", "DataAccess\DataAccess.csproj", "{F2846129-DC6D-419A-9EB1-C68778B95431}"
EndProject
Project("{FAE04EC0-301F-11D3-BF4B-00C04F79EFBC}") = "Domain", "Domain\Domain.csproj", "{9DB102D3-53A8-4F2B-900E-3AE9674C1E9E}"
EndProject
Project("{FAE04EC0-301F-11D3-BF4B-00C04F79EFBC}") = "Services", "Services\Services.csproj", "{11480276-0698-4E4F-A710-C9A2565AB6AF}"
EndProject
Global
	GlobalSection(SolutionConfigurationPlatforms) = preSolution
		Debug|Any CPU = Debug|Any CPU
		Release|Any CPU = Release|Any CPU
	EndGlobalSection
	GlobalSection(ProjectConfigurationPlatforms) = postSolution
		{1A9C2D6E-5203-45D6-83E7-29ABD806E9BC}.Debug|Any CPU.ActiveCfg = Debug|Any CPU
		{1A9C2D6E-5203-45D6-83E7-29ABD806E9BC}.Debug|Any CPU.Build.0 = Debug|Any CPU
		{1A9C2D6E-5203-45D6-83E7-29ABD806E9BC}.Release|Any CPU.ActiveCfg = Release|Any CPU
		{1A9C2D6E-5203-45D6-83E7-29ABD806E9BC}.Release|Any CPU.Build.0 = Release|Any CPU
		{F2846129-DC6D-419A-9EB1-C68778B95431}.Debug|Any CPU.ActiveCfg = Debug|Any CPU
		{F2846129-DC6D-419A-9EB1-C68778B95431}.Debug|Any CPU.Build.0 = Debug|Any CPU
		{F2846129-DC6D-419A-9EB1-C68778B95431}.Release|Any CPU.ActiveCfg = Release|Any CPU
		{F2846129-DC6D-419A-9EB1-C68778B95431}.Release|Any CPU.Build.0 = Release|Any CPU
		{9DB102D3-53A8-4F2B-900E-3AE9674C1E9E}.Debug|Any CPU.ActiveCfg = Debug|Any CPU
		{9DB102D3-53A8-4F2B-900E-3AE9674C1E9E}.Debug|Any CPU.Build.0 = Debug|Any CPU
		{9DB102D3-53A8-4F2B-900E-3AE9674C1E9E}.Release|Any CPU.ActiveCfg = Release|Any CPU
		{9DB102D3-53A8-4F2B-900E-3AE9674C1E9E}.Release|Any CPU.Build.0 = Release|Any CPU
		{11480276-0698-4E4F-A710-C9A2565AB6AF}.Debug|Any CPU.ActiveCfg = Debug|Any CPU
		{11480276-0698-4E4F-A710-C9A2565AB6AF}.Debug|Any CPU.Build.0 = Debug|Any CPU
		{11480276-0698-4E4F-A710-C9A2565AB6AF}.Release|Any CPU.ActiveCfg = Release|Any CPU
		{11480276-0698-4E4F-A710-C9A2565AB6AF}.Release|Any CPU.Build.0 = Release|Any CPU
	EndGlobalSection
	GlobalSection(SolutionProperties) = preSolution
		HideSolutionNode = FALSE
	EndGlobalSection
	GlobalSection(ExtensibilityGlobals) = postSolution
		SolutionGuid = {CC396922-EBCF-4480-AE87-080CD9BD60F6}
	EndGlobalSection
EndGlobal
